// !$*UTF8*$!
{
	archiveVersion = 1;
	classes = {
	};
	objectVersion = 77;
	objects = {

/* Begin PBXBuildFile section */
		DB2EFE092FBF805C00C2C11F /* AudioStreaming in Frameworks */ = {isa = PBXBuildFile; productRef = DB2EFE082FBF805C00C2C11F /* AudioStreaming */; };
		DB4F5D3E3010E1F4004C2F1F /* SwiftMuse in Frameworks */ = {isa = PBXBuildFile; productRef = DB4F5D3D3010E1F4004C2F1F /* SwiftMuse */; };
		DBA4A77D2F9BE3C8008BC5A9 /* SwiftSonic in Frameworks */ = {isa = PBXBuildFile; productRef = DBA4A77C2F9BE3C8008BC5A9 /* SwiftSonic */; };
/* End PBXBuildFile section */

/* Begin PBXContainerItemProxy section */
		DBA4A75F2F9BBFCC008BC5A9 /* PBXContainerItemProxy */ = {
			isa = PBXContainerItemProxy;
			containerPortal = DBA4A7492F9BBFCB008BC5A9 /* Project object */;
			proxyType = 1;
			remoteGlobalIDString = DBA4A7502F9BBFCB008BC5A9;
			remoteInfo = Cassette;
		};
		DBA4A7692F9BBFCC008BC5A9 /* PBXContainerItemProxy */ = {
			isa = PBXContainerItemProxy;
			containerPortal = DBA4A7492F9BBFCB008BC5A9 /* Project object */;
			proxyType = 1;
			remoteGlobalIDString = DBA4A7502F9BBFCB008BC5A9;
			remoteInfo = Cassette;
		};
/* End PBXContainerItemProxy section */

/* Begin PBXCopyFilesBuildPhase section */
/* End PBXCopyFilesBuildPhase section */

/* Begin PBXFileReference section */
		DBA4A7512F9BBFCB008BC5A9 /* Cassette.app */ = {isa = PBXFileReference; explicitFileType = wrapper.application; includeInIndex = 0; path = Cassette.app; sourceTree = BUILT_PRODUCTS_DIR; };
		DBA4A75E2F9BBFCC008BC5A9 /* CassetteTests.xctest */ = {isa = PBXFileReference; explicitFileType = wrapper.cfbundle; includeInIndex = 0; path = CassetteTests.xctest; sourceTree = BUILT_PRODUCTS_DIR; };
		DBA4A7682F9BBFCC008BC5A9 /* CassetteUITests.xctest */ = {isa = PBXFileReference; explicitFileType = wrapper.cfbundle; includeInIndex = 0; path = CassetteUITests.xctest; sourceTree = BUILT_PRODUCTS_DIR; };
/* End PBXFileReference section */

/* Begin PBXFileSystemSynchronizedBuildFileExceptionSet section */
		DBA4A8F62F9C0A1F008BC5A9 /* Exceptions for "Cassette" folder in "Cassette" target */ = {
			isa = PBXFileSystemSynchronizedBuildFileExceptionSet;
			membershipExceptions = (
				Info.plist,
			);
			target = DBA4A7502F9BBFCB008BC5A9 /* Cassette */;
		};
/* End PBXFileSystemSynchronizedBuildFileExceptionSet section */

/* Begin PBXFileSystemSynchronizedRootGroup section */
		DBA4A7532F9BBFCB008BC5A9 /* Cassette */ = {
			isa = PBXFileSystemSynchronizedRootGroup;
			exceptions = (
				DBA4A8F62F9C0A1F008BC5A9 /* Exceptions for "Cassette" folder in "Cassette" target */,
			);
			path = Cassette;
			sourceTree = "<group>";
		};
		DBA4A7612F9BBFCC008BC5A9 /* CassetteTests */ = {
			isa = PBXFileSystemSynchronizedRootGroup;
			path = CassetteTests;
			sourceTree = "<group>";
		};
		DBA4A76B2F9BBFCC008BC5A9 /* CassetteUITests */ = {
			isa = PBXFileSystemSynchronizedRootGroup;
			path = CassetteUITests;
			sourceTree = "<group>";
		};
/* End PBXFileSystemSynchronizedRootGroup section */

/* Begin PBXFrameworksBuildPhase section */
		DBA4A74E2F9BBFCB008BC5A9 /* Frameworks */ = {
			isa = PBXFrameworksBuildPhase;
			buildActionMask = 2147483647;
			files = (
				DB2EFE092FBF805C00C2C11F /* AudioStreaming in Frameworks */,
				DBA4A77D2F9BE3C8008BC5A9 /* SwiftSonic in Frameworks */,
				DB4F5D3E3010E1F4004C2F1F /* SwiftMuse in Frameworks */,
			);
			runOnlyForDeploymentPostprocessing = 0;
		};
		DBA4A75B2F9BBFCC008BC5A9 /* Frameworks */ = {
			isa = PBXFrameworksBuildPhase;
			buildActionMask = 2147483647;
			files = (
			);
			runOnlyForDeploymentPostprocessing = 0;
		};
		DBA4A7652F9BBFCC008BC5A9 /* Frameworks */ = {
			isa = PBXFrameworksBuildPhase;
			buildActionMask = 2147483647;
			files = (
			);
			runOnlyForDeploymentPostprocessing = 0;
		};
/* End PBXFrameworksBuildPhase section */

/* Begin PBXGroup section */
		DBA4A7482F9BBFCB008BC5A9 = {
			isa = PBXGroup;
			children = (
				DBA4A7532F9BBFCB008BC5A9 /* Cassette */,
				DBA4A7612F9BBFCC008BC5A9 /* CassetteTests */,
				DBA4A76B2F9BBFCC008BC5A9 /* CassetteUITests */,
				DBA4A7522F9BBFCB008BC5A9 /* Products */,
			);
			sourceTree = "<group>";
		};
		DBA4A7522F9BBFCB008BC5A9 /* Products */ = {
			isa = PBXGroup;
			children = (
				DBA4A7512F9BBFCB008BC5A9 /* Cassette.app */,
				DBA4A75E2F9BBFCC008BC5A9 /* CassetteTests.xctest */,
				DBA4A7682F9BBFCC008BC5A9 /* CassetteUITests.xctest */,
			);
			name = Products;
			sourceTree = "<group>";
		};
/* End PBXGroup section */

/* Begin PBXNativeTarget section */
		DBA4A7502F9BBFCB008BC5A9 /* Cassette */ = {
			isa = PBXNativeTarget;
			buildConfigurationList = DBA4A7722F9BBFCC008BC5A9 /* Build configuration list for PBXNativeTarget "Cassette" */;
			buildPhases = (
				DBA4A74D2F9BBFCB008BC5A9 /* Sources */,
				DBA4A74E2F9BBFCB008BC5A9 /* Frameworks */,
				DBA4A74F2F9BBFCB008BC5A9 /* Resources */,
			);
			buildRules = (
			);
			dependencies = (
			);
			fileSystemSynchronizedGroups = (
				DBA4A7532F9BBFCB008BC5A9 /* Cassette */,
			);
			name = Cassette;
			packageProductDependencies = (
				DBA4A77C2F9BE3C8008BC5A9 /* SwiftSonic */,
				DB2EFE082FBF805C00C2C11F /* AudioStreaming */,
				DB4F5D3D3010E1F4004C2F1F /* SwiftMuse */,
			);
			productName = Foobar2026;
			productReference = DBA4A7512F9BBFCB008BC5A9 /* Cassette.app */;
			productType = "com.apple.product-type.application";
		};
		DBA4A75D2F9BBFCC008BC5A9 /* CassetteTests */ = {
			isa = PBXNativeTarget;
			buildConfigurationList = DBA4A7752F9BBFCC008BC5A9 /* Build configuration list for PBXNativeTarget "CassetteTests" */;
			buildPhases = (
				DBA4A75A2F9BBFCC008BC5A9 /* Sources */,
				DBA4A75B2F9BBFCC008BC5A9 /* Frameworks */,
				DBA4A75C2F9BBFCC008BC5A9 /* Resources */,
			);
			buildRules = (
			);
			dependencies = (
				DBA4A7602F9BBFCC008BC5A9 /* PBXTargetDependency */,
			);
			fileSystemSynchronizedGroups = (
				DBA4A7612F9BBFCC008BC5A9 /* CassetteTests */,
			);
			name = CassetteTests;
			packageProductDependencies = (
			);
			productName = CassetteTests;
			productReference = DBA4A75E2F9BBFCC008BC5A9 /* CassetteTests.xctest */;
			productType = "com.apple.product-type.bundle.unit-test";
		};
		DBA4A7672F9BBFCC008BC5A9 /* CassetteUITests */ = {
			isa = PBXNativeTarget;
			buildConfigurationList = DBA4A7782F9BBFCC008BC5A9 /* Build configuration list for PBXNativeTarget "CassetteUITests" */;
			buildPhases = (
				DBA4A7642F9BBFCC008BC5A9 /* Sources */,
				DBA4A7652F9BBFCC008BC5A9 /* Frameworks */,
				DBA4A7662F9BBFCC008BC5A9 /* Resources */,
			);
			buildRules = (
			);
			dependencies = (
				DBA4A76A2F9BBFCC008BC5A9 /* PBXTargetDependency */,
			);
			fileSystemSynchronizedGroups = (
				DBA4A76B2F9BBFCC008BC5A9 /* CassetteUITests */,
			);
			name = CassetteUITests;
			packageProductDependencies = (
			);
			productName = CassetteUITests;
			productReference = DBA4A7682F9BBFCC008BC5A9 /* CassetteUITests.xctest */;
			productType = "com.apple.product-type.bundle.ui-testing";
		};
/* End PBXNativeTarget section */

/* Begin PBXProject section */
		DBA4A7492F9BBFCB008BC5A9 /* Project object */ = {
			isa = PBXProject;
			attributes = {
				BuildIndependentTargetsInParallel = 1;
				LastSwiftUpdateCheck = 2640;
				LastUpgradeCheck = 2650;
				TargetAttributes = {
					DBA4A7502F9BBFCB008BC5A9 = {
						CreatedOnToolsVersion = 26.4.1;
					};
					DBA4A75D2F9BBFCC008BC5A9 = {
						CreatedOnToolsVersion = 26.4.1;
						TestTargetID = DBA4A7502F9BBFCB008BC5A9;
					};
					DBA4A7672F9BBFCC008BC5A9 = {
						CreatedOnToolsVersion = 26.4.1;
						TestTargetID = DBA4A7502F9BBFCB008BC5A9;
					};
				};
			};
			buildConfigurationList = DBA4A74C2F9BBFCB008BC5A9 /* Build configuration list for PBXProject "Cassette" */;
			developmentRegion = en;
			hasScannedForEncodings = 0;
			knownRegions = (
				en,
				Base,
				de,
				el,
				es,
				fr,
				it,
				ja,
				"zh-Hans",
				"zh-Hant",
			);
			mainGroup = DBA4A7482F9BBFCB008BC5A9;
			minimizedProjectReferenceProxies = 1;
			packageReferences = (
				DBA4A77B2F9BE3C8008BC5A9 /* XCRemoteSwiftPackageReference "swiftsonic" */,
				DB2EFE072FBF805C00C2C11F /* XCRemoteSwiftPackageReference "AudioStreaming" */,
				DB4F5D3C3010E1F4004C2F1F /* XCRemoteSwiftPackageReference "SwiftMuse" */,
			);
			preferredProjectObjectVersion = 77;
			productRefGroup = DBA4A7522F9BBFCB008BC5A9 /* Products */;
			projectDirPath = "";
			projectRoot = "";
			targets = (
				DBA4A7502F9BBFCB008BC5A9 /* Cassette */,
				DBA4A75D2F9BBFCC008BC5A9 /* CassetteTests */,
				DBA4A7672F9BBFCC008BC5A9 /* CassetteUITests */,
			);
		};
/* End PBXProject section */

/* Begin PBXResourcesBuildPhase section */
		DBA4A74F2F9BBFCB008BC5A9 /* Resources */ = {
			isa = PBXResourcesBuildPhase;
			buildActionMask = 2147483647;
			files = (
			);
			runOnlyForDeploymentPostprocessing = 0;
		};
		DBA4A75C2F9BBFCC008BC5A9 /* Resources */ = {
			isa = PBXResourcesBuildPhase;
			buildActionMask = 2147483647;
			files = (
			);
			runOnlyForDeploymentPostprocessing = 0;
		};
		DBA4A7662F9BBFCC008BC5A9 /* Resources */ = {
			isa = PBXResourcesBuildPhase;
			buildActionMask = 2147483647;
			files = (
			);
			runOnlyForDeploymentPostprocessing = 0;
		};
/* End PBXResourcesBuildPhase section */

/* Begin PBXSourcesBuildPhase section */
		DBA4A74D2F9BBFCB008BC5A9 /* Sources */ = {
			isa = PBXSourcesBuildPhase;
			buildActionMask = 2147483647;
			files = (
			);
			runOnlyForDeploymentPostprocessing = 0;
		};
		DBA4A75A2F9BBFCC008BC5A9 /* Sources */ = {
			isa = PBXSourcesBuildPhase;
			buildActionMask = 2147483647;
			files = (
			);
			runOnlyForDeploymentPostprocessing = 0;
		};
		DBA4A7642F9BBFCC008BC5A9 /* Sources */ = {
			isa = PBXSourcesBuildPhase;
			buildActionMask = 2147483647;
			files = (
			);
			runOnlyForDeploymentPostprocessing = 0;
		};
/* End PBXSourcesBuildPhase section */

/* Begin PBXTargetDependency section */
		DBA4A7602F9BBFCC008BC5A9 /* PBXTargetDependency */ = {
			isa = PBXTargetDependency;
			target = DBA4A7502F9BBFCB008BC5A9 /* Cassette */;
			targetProxy = DBA4A75F2F9BBFCC008BC5A9 /* PBXContainerItemProxy */;
		};
		DBA4A76A2F9BBFCC008BC5A9 /* PBXTargetDependency */ = {
			isa = PBXTargetDependency;
			target = DBA4A7502F9BBFCB008BC5A9 /* Cassette */;
			targetProxy = DBA4A7692F9BBFCC008BC5A9 /* PBXContainerItemProxy */;
		};
/* End PBXTargetDependency section */

/* Begin XCBuildConfiguration section */
		DBA4A7702F9BBFCC008BC5A9 /* Debug */ = {
			isa = XCBuildConfiguration;
			buildSettings = {
				ALWAYS_SEARCH_USER_PATHS = NO;
				ASSETCATALOG_COMPILER_GENERATE_SWIFT_ASSET_SYMBOL_EXTENSIONS = YES;
				CLANG_ANALYZER_NONNULL = YES;
				CLANG_ANALYZER_NUMBER_OBJECT_CONVERSION = YES_AGGRESSIVE;
				CLANG_CXX_LANGUAGE_STANDARD = "gnu++20";
				CLANG_ENABLE_MODULES = YES;
				CLANG_ENABLE_OBJC_ARC = YES;
				CLANG_ENABLE_OBJC_WEAK = YES;
				CLANG_WARN_BLOCK_CAPTURE_AUTORELEASING = YES;
				CLANG_WARN_BOOL_CONVERSION = YES;
				CLANG_WARN_COMMA = YES;
				CLANG_WARN_CONSTANT_CONVERSION = YES;
				CLANG_WARN_DEPRECATED_OBJC_IMPLEMENTATIONS = YES;
				CLANG_WARN_DIRECT_OBJC_ISA_USAGE = YES_ERROR;
				CLANG_WARN_DOCUMENTATION_COMMENTS = YES;
				CLANG_WARN_EMPTY_BODY = YES;
				CLANG_WARN_ENUM_CONVERSION = YES;
				CLANG_WARN_INFINITE_RECURSION = YES;
				CLANG_WARN_INT_CONVERSION = YES;
				CLANG_WARN_NON_LITERAL_NULL_CONVERSION = YES;
				CLANG_WARN_OBJC_IMPLICIT_RETAIN_SELF = YES;
				CLANG_WARN_OBJC_LITERAL_CONVERSION = YES;
				CLANG_WARN_OBJC_ROOT_CLASS = YES_ERROR;
				CLANG_WARN_QUOTED_INCLUDE_IN_FRAMEWORK_HEADER = YES;
				CLANG_WARN_RANGE_LOOP_ANALYSIS = YES;
				CLANG_WARN_STRICT_PROTOTYPES = YES;
				CLANG_WARN_SUSPICIOUS_MOVE = YES;
				CLANG_WARN_UNGUARDED_AVAILABILITY = YES_AGGRESSIVE;
				CLANG_WARN_UNREACHABLE_CODE = YES;
				CLANG_WARN__DUPLICATE_METHOD_MATCH = YES;
				COPY_PHASE_STRIP = NO;
				DEAD_CODE_STRIPPING = YES;
				DEBUG_INFORMATION_FORMAT = dwarf;
				DEVELOPMENT_TEAM = LK2358MPL8;
				ENABLE_STRICT_OBJC_MSGSEND = YES;
				ENABLE_TESTABILITY = YES;
				ENABLE_USER_SCRIPT_SANDBOXING = YES;
				GCC_C_LANGUAGE_STANDARD = gnu17;
				GCC_DYNAMIC_NO_PIC = NO;
				GCC_NO_COMMON_BLOCKS = YES;
				GCC_OPTIMIZATION_LEVEL = 0;
				GCC_PREPROCESSOR_DEFINITIONS = (
					"DEBUG=1",
					"$(inherited)",
				);
				GCC_WARN_64_TO_32_BIT_CONVERSION = YES;
				GCC_WARN_ABOUT_RETURN_TYPE = YES_ERROR;
				GCC_WARN_UNDECLARED_SELECTOR = YES;
				GCC_WARN_UNINITIALIZED_AUTOS = YES_AGGRESSIVE;
				GCC_WARN_UNUSED_FUNCTION = YES;
				GCC_WARN_UNUSED_VARIABLE = YES;
				LOCALIZATION_PREFERS_STRING_CATALOGS = YES;
				MARKETING_VERSION = 1.10.0;
				MTL_ENABLE_DEBUG_INFO = INCLUDE_SOURCE;
				MTL_FAST_MATH = YES;
				ONLY_ACTIVE_ARCH = YES;
				STRING_CATALOG_GENERATE_SYMBOLS = YES;
				SWIFT_ACTIVE_COMPILATION_CONDITIONS = "DEBUG $(inherited)";
				SWIFT_OPTIMIZATION_LEVEL = "-Onone";
			};
			name = Debug;
		};
		DBA4A7712F9BBFCC008BC5A9 /* Release */ = {
			isa = XCBuildConfiguration;
			buildSettings = {
				ALWAYS_SEARCH_USER_PATHS = NO;
				ASSETCATALOG_COMPILER_GENERATE_SWIFT_ASSET_SYMBOL_EXTENSIONS = YES;
				CLANG_ANALYZER_NONNULL = YES;
				CLANG_ANALYZER_NUMBER_OBJECT_CONVERSION = YES_AGGRESSIVE;
				CLANG_CXX_LANGUAGE_STANDARD = "gnu++20";
				CLANG_ENABLE_MODULES = YES;
				CLANG_ENABLE_OBJC_ARC = YES;
				CLANG_ENABLE_OBJC_WEAK = YES;
				CLANG_WARN_BLOCK_CAPTURE_AUTORELEASING = YES;
				CLANG_WARN_BOOL_CONVERSION = YES;
				CLANG_WARN_COMMA = YES;
				CLANG_WARN_CONSTANT_CONVERSION = YES;
				CLANG_WARN_DEPRECATED_OBJC_IMPLEMENTATIONS = YES;
				CLANG_WARN_DIRECT_OBJC_ISA_USAGE = YES_ERROR;
				CLANG_WARN_DOCUMENTATION_COMMENTS = YES;
				CLANG_WARN_EMPTY_BODY = YES;
				CLANG_WARN_ENUM_CONVERSION = YES;
				CLANG_WARN_INFINITE_RECURSION = YES;
				CLANG_WARN_INT_CONVERSION = YES;
				CLANG_WARN_NON_LITERAL_NULL_CONVERSION = YES;
				CLANG_WARN_OBJC_IMPLICIT_RETAIN_SELF = YES;
				CLANG_WARN_OBJC_LITERAL_CONVERSION = YES;
				CLANG_WARN_OBJC_ROOT_CLASS = YES_ERROR;
				CLANG_WARN_QUOTED_INCLUDE_IN_FRAMEWORK_HEADER = YES;
				CLANG_WARN_RANGE_LOOP_ANALYSIS = YES;
				CLANG_WARN_STRICT_PROTOTYPES = YES;
				CLANG_WARN_SUSPICIOUS_MOVE = YES;
				CLANG_WARN_UNGUARDED_AVAILABILITY = YES_AGGRESSIVE;
				CLANG_WARN_UNREACHABLE_CODE = YES;
				CLANG_WARN__DUPLICATE_METHOD_MATCH = YES;
				COPY_PHASE_STRIP = NO;
				DEAD_CODE_STRIPPING = YES;
				DEBUG_INFORMATION_FORMAT = "dwarf-with-dsym";
				DEVELOPMENT_TEAM = LK2358MPL8;
				ENABLE_NS_ASSERTIONS = NO;
				ENABLE_STRICT_OBJC_MSGSEND = YES;
				ENABLE_USER_SCRIPT_SANDBOXING = YES;
				GCC_C_LANGUAGE_STANDARD = gnu17;
				GCC_NO_COMMON_BLOCKS = YES;
				GCC_WARN_64_TO_32_BIT_CONVERSION = YES;
				GCC_WARN_ABOUT_RETURN_TYPE = YES_ERROR;
				GCC_WARN_UNDECLARED_SELECTOR = YES;
				GCC_WARN_UNINITIALIZED_AUTOS = YES_AGGRESSIVE;
				GCC_WARN_UNUSED_FUNCTION = YES;
				GCC_WARN_UNUSED_VARIABLE = YES;
				LOCALIZATION_PREFERS_STRING_CATALOGS = YES;
				MARKETING_VERSION = 1.10.0;
				MTL_ENABLE_DEBUG_INFO = NO;
				MTL_FAST_MATH = YES;
				STRING_CATALOG_GENERATE_SYMBOLS = YES;
				SWIFT_COMPILATION_MODE = wholemodule;
			};
			name = Release;
		};
		DBA4A7732F9BBFCC008BC5A9 /* Debug */ = {
			isa = XCBuildConfiguration;
			buildSettings = {
				ASSETCATALOG_COMPILER_APPICON_NAME = AppIcon;
				ASSETCATALOG_COMPILER_GLOBAL_ACCENT_COLOR_NAME = AccentColor;
				CODE_SIGN_ENTITLEMENTS = "Cassette/Cassette-macOS.entitlements";
				CODE_SIGN_STYLE = Automatic;
				CURRENT_PROJECT_VERSION = 1;
				DEAD_CODE_STRIPPING = YES;
				DEVELOPMENT_TEAM = LK2358MPL8;
				ENABLE_APP_SANDBOX = YES;
				ENABLE_HARDENED_RUNTIME = YES;
				ENABLE_INCOMING_NETWORK_CONNECTIONS = NO;
				ENABLE_OUTGOING_NETWORK_CONNECTIONS = NO;
				ENABLE_PREVIEWS = YES;
				ENABLE_RESOURCE_ACCESS_AUDIO_INPUT = NO;
				ENABLE_RESOURCE_ACCESS_BLUETOOTH = NO;
				ENABLE_RESOURCE_ACCESS_CALENDARS = NO;
				ENABLE_RESOURCE_ACCESS_CAMERA = NO;
				ENABLE_RESOURCE_ACCESS_CONTACTS = NO;
				ENABLE_RESOURCE_ACCESS_LOCATION = NO;
				ENABLE_RESOURCE_ACCESS_PRINTING = NO;
				ENABLE_RESOURCE_ACCESS_USB = NO;
				ENABLE_USER_SELECTED_FILES = readonly;
				GENERATE_INFOPLIST_FILE = YES;
				INFOPLIST_FILE = Cassette/Info.plist;
				INFOPLIST_KEY_CFBundleDisplayName = Foobar2026;
				INFOPLIST_KEY_ITSAppUsesNonExemptEncryption = NO;
				INFOPLIST_KEY_LSApplicationCategoryType = "public.app-category.music";
				INFOPLIST_KEY_NSCameraUsageDescription = "Cassette needs to access your camera to take pictures for playlist artworks";
				INFOPLIST_KEY_NSLocalNetworkUsageDescription = "Cassette needs access to your local network to connect to your Navidrome or Subsonic server.";
				INFOPLIST_KEY_NSPhotoLibraryUsageDescription = "Cassette needs to access your library to upload pictures for playlists";
				LD_RUNPATH_SEARCH_PATHS = "@executable_path/../Frameworks";
				MACOSX_DEPLOYMENT_TARGET = 15.0;
				MARKETING_VERSION = 1.10.0;
				PRODUCT_BUNDLE_IDENTIFIER = "fr.mathieu-dubart.Cassette";
				PRODUCT_MODULE_NAME = Cassette;
				PRODUCT_NAME = Foobar2026;
				REGISTER_APP_GROUPS = YES;
				SDKROOT = macosx;
				STRING_CATALOG_GENERATE_SYMBOLS = YES;
				SUPPORTED_PLATFORMS = "macosx";
				SWIFT_APPROACHABLE_CONCURRENCY = YES;
				SWIFT_DEFAULT_ACTOR_ISOLATION = MainActor;
				SWIFT_EMIT_LOC_STRINGS = YES;
				SWIFT_UPCOMING_FEATURE_MEMBER_IMPORT_VISIBILITY = YES;
				SWIFT_VERSION = 5.0;
				VERSIONING_SYSTEM = "apple-generic";
			};
			name = Debug;
		};
		DBA4A7742F9BBFCC008BC5A9 /* Release */ = {
			isa = XCBuildConfiguration;
			buildSettings = {
				ASSETCATALOG_COMPILER_APPICON_NAME = AppIcon;
				ASSETCATALOG_COMPILER_GLOBAL_ACCENT_COLOR_NAME = AccentColor;
				CODE_SIGN_ENTITLEMENTS = "Cassette/Cassette-macOS.entitlements";
				CODE_SIGN_STYLE = Automatic;
				CURRENT_PROJECT_VERSION = 1;
				DEAD_CODE_STRIPPING = YES;
				DEVELOPMENT_TEAM = LK2358MPL8;
				ENABLE_APP_SANDBOX = YES;
				ENABLE_HARDENED_RUNTIME = YES;
				ENABLE_INCOMING_NETWORK_CONNECTIONS = NO;
				ENABLE_OUTGOING_NETWORK_CONNECTIONS = NO;
				ENABLE_PREVIEWS = YES;
				ENABLE_RESOURCE_ACCESS_AUDIO_INPUT = NO;
				ENABLE_RESOURCE_ACCESS_BLUETOOTH = NO;
				ENABLE_RESOURCE_ACCESS_CALENDARS = NO;
				ENABLE_RESOURCE_ACCESS_CAMERA = NO;
				ENABLE_RESOURCE_ACCESS_CONTACTS = NO;
				ENABLE_RESOURCE_ACCESS_LOCATION = NO;
				ENABLE_RESOURCE_ACCESS_PRINTING = NO;
				ENABLE_RESOURCE_ACCESS_USB = NO;
				ENABLE_USER_SELECTED_FILES = readonly;
				GENERATE_INFOPLIST_FILE = YES;
				INFOPLIST_FILE = Cassette/Info.plist;
				INFOPLIST_KEY_CFBundleDisplayName = Foobar2026;
				INFOPLIST_KEY_ITSAppUsesNonExemptEncryption = NO;
				INFOPLIST_KEY_LSApplicationCategoryType = "public.app-category.music";
				INFOPLIST_KEY_NSCameraUsageDescription = "Cassette needs to access your camera to take pictures for playlist artworks";
				INFOPLIST_KEY_NSLocalNetworkUsageDescription = "Cassette needs access to your local network to connect to your Navidrome or Subsonic server.";
				INFOPLIST_KEY_NSPhotoLibraryUsageDescription = "Cassette needs to access your library to upload pictures for playlists";
				LD_RUNPATH_SEARCH_PATHS = "@executable_path/../Frameworks";
				MACOSX_DEPLOYMENT_TARGET = 15.0;
				MARKETING_VERSION = 1.10.0;
				PRODUCT_BUNDLE_IDENTIFIER = "fr.mathieu-dubart.Cassette";
				PRODUCT_MODULE_NAME = Cassette;
				PRODUCT_NAME = Foobar2026;
				REGISTER_APP_GROUPS = YES;
				SDKROOT = macosx;
				STRING_CATALOG_GENERATE_SYMBOLS = YES;
				SUPPORTED_PLATFORMS = "macosx";
				SWIFT_APPROACHABLE_CONCURRENCY = YES;
				SWIFT_DEFAULT_ACTOR_ISOLATION = MainActor;
				SWIFT_EMIT_LOC_STRINGS = YES;
				SWIFT_UPCOMING_FEATURE_MEMBER_IMPORT_VISIBILITY = YES;
				SWIFT_VERSION = 5.0;
				VERSIONING_SYSTEM = "apple-generic";
			};
			name = Release;
		};
		DBA4A7762F9BBFCC008BC5A9 /* Debug */ = {
			isa = XCBuildConfiguration;
			buildSettings = {
				BUNDLE_LOADER = "$(TEST_HOST)";
				CODE_SIGN_STYLE = Automatic;
				CURRENT_PROJECT_VERSION = 1;
				DEAD_CODE_STRIPPING = YES;
				DEVELOPMENT_TEAM = LK2358MPL8;
				GENERATE_INFOPLIST_FILE = YES;
				MACOSX_DEPLOYMENT_TARGET = 15.0;
				MARKETING_VERSION = 1.0;
				PRODUCT_BUNDLE_IDENTIFIER = "fr.mathieu-dubart.CassetteTests";
				PRODUCT_NAME = "$(TARGET_NAME)";
				SDKROOT = macosx;
				STRING_CATALOG_GENERATE_SYMBOLS = NO;
				SUPPORTED_PLATFORMS = "macosx";
				SWIFT_APPROACHABLE_CONCURRENCY = YES;
				SWIFT_DEFAULT_ACTOR_ISOLATION = MainActor;
				SWIFT_EMIT_LOC_STRINGS = NO;
				SWIFT_UPCOMING_FEATURE_MEMBER_IMPORT_VISIBILITY = YES;
				SWIFT_VERSION = 5.0;
				TEST_HOST = "$(BUILT_PRODUCTS_DIR)/Foobar2026.app/$(BUNDLE_EXECUTABLE_FOLDER_PATH)/Foobar2026";
			};
			name = Debug;
		};
		DBA4A7772F9BBFCC008BC5A9 /* Release */ = {
			isa = XCBuildConfiguration;
			buildSettings = {
				BUNDLE_LOADER = "$(TEST_HOST)";
				CODE_SIGN_STYLE = Automatic;
				CURRENT_PROJECT_VERSION = 1;
				DEAD_CODE_STRIPPING = YES;
				DEVELOPMENT_TEAM = LK2358MPL8;
				GENERATE_INFOPLIST_FILE = YES;
				MACOSX_DEPLOYMENT_TARGET = 15.0;
				MARKETING_VERSION = 1.0;
				PRODUCT_BUNDLE_IDENTIFIER = "fr.mathieu-dubart.CassetteTests";
				PRODUCT_NAME = "$(TARGET_NAME)";
				SDKROOT = macosx;
				STRING_CATALOG_GENERATE_SYMBOLS = NO;
				SUPPORTED_PLATFORMS = "macosx";
				SWIFT_APPROACHABLE_CONCURRENCY = YES;
				SWIFT_DEFAULT_ACTOR_ISOLATION = MainActor;
				SWIFT_EMIT_LOC_STRINGS = NO;
				SWIFT_UPCOMING_FEATURE_MEMBER_IMPORT_VISIBILITY = YES;
				SWIFT_VERSION = 5.0;
				TEST_HOST = "$(BUILT_PRODUCTS_DIR)/Foobar2026.app/$(BUNDLE_EXECUTABLE_FOLDER_PATH)/Foobar2026";
			};
			name = Release;
		};
		DBA4A7792F9BBFCC008BC5A9 /* Debug */ = {
			isa = XCBuildConfiguration;
			buildSettings = {
				CODE_SIGN_STYLE = Automatic;
				CURRENT_PROJECT_VERSION = 1;
				DEAD_CODE_STRIPPING = YES;
				DEVELOPMENT_TEAM = LK2358MPL8;
				GENERATE_INFOPLIST_FILE = YES;
				MACOSX_DEPLOYMENT_TARGET = 15.0;
				MARKETING_VERSION = 1.0;
				PRODUCT_BUNDLE_IDENTIFIER = "fr.mathieu-dubart.CassetteUITests";
				PRODUCT_NAME = "$(TARGET_NAME)";
				SDKROOT = macosx;
				STRING_CATALOG_GENERATE_SYMBOLS = NO;
				SUPPORTED_PLATFORMS = "macosx";
				SWIFT_APPROACHABLE_CONCURRENCY = YES;
				SWIFT_EMIT_LOC_STRINGS = NO;
				SWIFT_UPCOMING_FEATURE_MEMBER_IMPORT_VISIBILITY = YES;
				SWIFT_VERSION = 5.0;
				TEST_TARGET_NAME = Cassette;
			};
			name = Debug;
		};
		DBA4A77A2F9BBFCC008BC5A9 /* Release */ = {
			isa = XCBuildConfiguration;
			buildSettings = {
				CODE_SIGN_STYLE = Automatic;
				CURRENT_PROJECT_VERSION = 1;
				DEAD_CODE_STRIPPING = YES;
				DEVELOPMENT_TEAM = LK2358MPL8;
				GENERATE_INFOPLIST_FILE = YES;
				MACOSX_DEPLOYMENT_TARGET = 15.0;
				MARKETING_VERSION = 1.0;
				PRODUCT_BUNDLE_IDENTIFIER = "fr.mathieu-dubart.CassetteUITests";
				PRODUCT_NAME = "$(TARGET_NAME)";
				SDKROOT = macosx;
				STRING_CATALOG_GENERATE_SYMBOLS = NO;
				SUPPORTED_PLATFORMS = "macosx";
				SWIFT_APPROACHABLE_CONCURRENCY = YES;
				SWIFT_EMIT_LOC_STRINGS = NO;
				SWIFT_UPCOMING_FEATURE_MEMBER_IMPORT_VISIBILITY = YES;
				SWIFT_VERSION = 5.0;
				TEST_TARGET_NAME = Cassette;
			};
			name = Release;
		};
/* End XCBuildConfiguration section */

/* Begin XCConfigurationList section */
		DBA4A74C2F9BBFCB008BC5A9 /* Build configuration list for PBXProject "Cassette" */ = {
			isa = XCConfigurationList;
			buildConfigurations = (
				DBA4A7702F9BBFCC008BC5A9 /* Debug */,
				DBA4A7712F9BBFCC008BC5A9 /* Release */,
			);
			defaultConfigurationIsVisible = 0;
			defaultConfigurationName = Release;
		};
		DBA4A7722F9BBFCC008BC5A9 /* Build configuration list for PBXNativeTarget "Cassette" */ = {
			isa = XCConfigurationList;
			buildConfigurations = (
				DBA4A7732F9BBFCC008BC5A9 /* Debug */,
				DBA4A7742F9BBFCC008BC5A9 /* Release */,
			);
			defaultConfigurationIsVisible = 0;
			defaultConfigurationName = Release;
		};
		DBA4A7752F9BBFCC008BC5A9 /* Build configuration list for PBXNativeTarget "CassetteTests" */ = {
			isa = XCConfigurationList;
			buildConfigurations = (
				DBA4A7762F9BBFCC008BC5A9 /* Debug */,
				DBA4A7772F9BBFCC008BC5A9 /* Release */,
			);
			defaultConfigurationIsVisible = 0;
			defaultConfigurationName = Release;
		};
		DBA4A7782F9BBFCC008BC5A9 /* Build configuration list for PBXNativeTarget "CassetteUITests" */ = {
			isa = XCConfigurationList;
			buildConfigurations = (
				DBA4A7792F9BBFCC008BC5A9 /* Debug */,
				DBA4A77A2F9BBFCC008BC5A9 /* Release */,
			);
			defaultConfigurationIsVisible = 0;
			defaultConfigurationName = Release;
		};
/* End XCConfigurationList section */

/* Begin XCRemoteSwiftPackageReference section */
		DB2EFE072FBF805C00C2C11F /* XCRemoteSwiftPackageReference "AudioStreaming" */ = {
			isa = XCRemoteSwiftPackageReference;
			repositoryURL = "https://github.com/dimitris-c/AudioStreaming";
			requirement = {
				kind = upToNextMajorVersion;
				minimumVersion = 1.4.4;
			};
		};
		DB4F5D3C3010E1F4004C2F1F /* XCRemoteSwiftPackageReference "SwiftMuse" */ = {
			isa = XCRemoteSwiftPackageReference;
			repositoryURL = "https://github.com/cassettelab/SwiftMuse";
			requirement = {
				kind = upToNextMajorVersion;
				minimumVersion = 0.1.0;
			};
		};
		DBA4A77B2F9BE3C8008BC5A9 /* XCRemoteSwiftPackageReference "swiftsonic" */ = {
			isa = XCRemoteSwiftPackageReference;
			repositoryURL = "https://github.com/MathieuDubart/swiftsonic";
			requirement = {
				kind = upToNextMajorVersion;
				minimumVersion = 0.8.1;
			};
		};
/* End XCRemoteSwiftPackageReference section */

/* Begin XCSwiftPackageProductDependency section */
		DB2EFE082FBF805C00C2C11F /* AudioStreaming */ = {
			isa = XCSwiftPackageProductDependency;
			package = DB2EFE072FBF805C00C2C11F /* XCRemoteSwiftPackageReference "AudioStreaming" */;
			productName = AudioStreaming;
		};
		DB4F5D3D3010E1F4004C2F1F /* SwiftMuse */ = {
			isa = XCSwiftPackageProductDependency;
			package = DB4F5D3C3010E1F4004C2F1F /* XCRemoteSwiftPackageReference "SwiftMuse" */;
			productName = SwiftMuse;
		};
		DBA4A77C2F9BE3C8008BC5A9 /* SwiftSonic */ = {
			isa = XCSwiftPackageProductDependency;
			package = DBA4A77B2F9BE3C8008BC5A9 /* XCRemoteSwiftPackageReference "swiftsonic" */;
			productName = SwiftSonic;
		};
/* End XCSwiftPackageProductDependency section */
	};
	rootObject = DBA4A7492F9BBFCB008BC5A9 /* Project object */;
}
